
Microsoft Visual Studio Solution File, Format Version 12.00
# Visual Studio Version 17
VisualStudioVersion = 17.13.35806.99 d17.13
MinimumVisualStudioVersion = 10.0.40219.1
Project("{FAE04EC0-301F-11D3-BF4B-00C04F79EFBC}") = "TimeTracker", "TimeTracker.csproj", "{8BF958E7-CB70-4A17-A500-F049084AA1DD}"
EndProject
Global
	GlobalSection(SolutionConfigurationPlatforms) = preSolution
		Debug|Any CPU = Debug|Any CPU
		Release|Any CPU = Release|Any CPU
	EndGlobalSection
	GlobalSection(ProjectConfigurationPlatforms) = postSolution
		{8BF958E7-CB70-4A17-A500-F049084AA1DD}.Debug|Any CPU.ActiveCfg = Debug|Any CPU
		{8BF958E7-CB70-4A17-A500-F049084AA1DD}.Debug|Any CPU.Build.0 = Debug|Any CPU
		{8BF958E7-CB70-4A17-A500-F049084AA1DD}.Release|Any CPU.ActiveCfg = Release|Any CPU
		{8BF958E7-CB70-4A17-A500-F049084AA1DD}.Release|Any CPU.Build.0 = Release|Any CPU
	EndGlobalSection
	GlobalSection(SolutionProperties) = preSolution
		HideSolutionNode = FALSE
	EndGlobalSection
	GlobalSection(ExtensibilityGlobals) = postSolution
		SolutionGuid = {BA3C1B7A-E39F-44A2-92FF-34C676D2D238}
	EndGlobalSection
EndGlobal
